# This file is automatically @generated by Poetry 1.6.1 and should not be changed by hand.

[[package]]
name = "configparser"
version = "6.0.0"
description = "Updated configparser from stdlib for earlier Pythons."
optional = false
python-versions = ">=3.8"
files = [
    {file = "configparser-6.0.0-py3-none-any.whl", hash = "sha256:900ea2bb01b2540b1a644ad3d5351e9b961a4a012d4732f619375fb8f641ee19"},
    {file = "configparser-6.0.0.tar.gz", hash = "sha256:ec914ab1e56c672de1f5c3483964e68f71b34e457904b7b76e06b922aec067a8"},
]

[package.extras]
docs = ["furo", "jaraco.packaging (>=9.3)", "jaraco.tidelift (>=1.4)", "rst.linker (>=1.9)", "sphinx (>=3.5)", "sphinx-lint"]
testing = ["pytest (>=6)", "pytest-black (>=0.3.7)", "pytest-checkdocs (>=2.4)", "pytest-cov", "pytest-enabler (>=2.2)", "pytest-mypy (>=0.9.1)", "pytest-ruff", "types-backports"]

[[package]]
name = "defusedxml"
version = "0.7.1"
description = "XML bomb protection for Python stdlib modules"
optional = false
python-versions = ">=2.7, !=3.0.*, !=3.1.*, !=3.2.*, !=3.3.*, !=3.4.*"
files = [
    {file = "defusedxml-0.7.1-py2.py3-none-any.whl", hash = "sha256:a352e7e428770286cc899e2542b6cdaedb2b4953ff269a210103ec58f6198a61"},
    {file = "defusedxml-0.7.1.tar.gz", hash = "sha256:1bb3032db185915b62d7c6209c5a8792be6a32ab2fedacc84e01b52c51aa3e69"},
]

[[package]]
name = "et-xmlfile"
version = "1.1.0"
description = "An implementation of lxml.xmlfile for the standard library"
optional = false
python-versions = ">=3.6"
files = [
    {file = "et_xmlfile-1.1.0-py3-none-any.whl", hash = "sha256:a2ba85d1d6a74ef63837eed693bcb89c3f752169b0e3e7ae5b16ca5e1b3deada"},
    {file = "et_xmlfile-1.1.0.tar.gz", hash = "sha256:8eb9e2bc2f8c97e37a2dc85a09ecdcdec9d8a396530a6d5a33b30b9a92da0c5c"},
]

[[package]]
name = "geographiclib"
version = "2.0"
description = "The geodesic routines from GeographicLib"
optional = false
python-versions = ">=3.7"
files = [
    {file = "geographiclib-2.0-py3-none-any.whl", hash = "sha256:6b7225248e45ff7edcee32becc4e0a1504c606ac5ee163a5656d482e0cd38734"},
    {file = "geographiclib-2.0.tar.gz", hash = "sha256:f7f41c85dc3e1c2d3d935ec86660dc3b2c848c83e17f9a9e51ba9d5146a15859"},
]

[[package]]
name = "geopy"
version = "2.4.0"
description = "Python Geocoding Toolbox"
optional = false
python-versions = ">=3.7"
files = [
    {file = "geopy-2.4.0-py3-none-any.whl", hash = "sha256:d2639a46d0ce4c091e9688b750ba94348a14b898a1e55c68f4b4a07e7d1afa20"},
    {file = "geopy-2.4.0.tar.gz", hash = "sha256:a59392bf17adb486b25dbdd71fbed27733bdf24a2dac588047a619de56695e36"},
]

[package.dependencies]
geographiclib = ">=1.52,<3"

[package.extras]
aiohttp = ["aiohttp"]
dev = ["coverage", "flake8 (>=5.0,<5.1)", "isort (>=5.10.0,<5.11.0)", "pytest (>=3.10)", "pytest-asyncio (>=0.17)", "readme-renderer", "sphinx (<=4.3.2)", "sphinx-issues", "sphinx-rtd-theme (>=0.5.0)"]
dev-docs = ["readme-renderer", "sphinx (<=4.3.2)", "sphinx-issues", "sphinx-rtd-theme (>=0.5.0)"]
dev-lint = ["flake8 (>=5.0,<5.1)", "isort (>=5.10.0,<5.11.0)"]
dev-test = ["coverage", "pytest (>=3.10)", "pytest-asyncio (>=0.17)", "sphinx (<=4.3.2)"]
requests = ["requests (>=2.16.2)", "urllib3 (>=1.24.2)"]
timezone = ["pytz"]

[[package]]
name = "numpy"
version = "1.26.0"
description = "Fundamental package for array computing in Python"
optional = false
python-versions = "<3.13,>=3.9"
files = [
    {file = "numpy-1.26.0-cp310-cp310-macosx_10_9_x86_64.whl", hash = "sha256:f8db2f125746e44dce707dd44d4f4efeea8d7e2b43aace3f8d1f235cfa2733dd"},
    {file = "numpy-1.26.0-cp310-cp310-macosx_11_0_arm64.whl", hash = "sha256:0621f7daf973d34d18b4e4bafb210bbaf1ef5e0100b5fa750bd9cde84c7ac292"},
    {file = "numpy-1.26.0-cp310-cp310-manylinux_2_17_aarch64.manylinux2014_aarch64.whl", hash = "sha256:51be5f8c349fdd1a5568e72713a21f518e7d6707bcf8503b528b88d33b57dc68"},
    {file = "numpy-1.26.0-cp310-cp310-manylinux_2_17_x86_64.manylinux2014_x86_64.whl", hash = "sha256:767254ad364991ccfc4d81b8152912e53e103ec192d1bb4ea6b1f5a7117040be"},
    {file = "numpy-1.26.0-cp310-cp310-musllinux_1_1_x86_64.whl", hash = "sha256:436c8e9a4bdeeee84e3e59614d38c3dbd3235838a877af8c211cfcac8a80b8d3"},
    {file = "numpy-1.26.0-cp310-cp310-win32.whl", hash = "sha256:c2e698cb0c6dda9372ea98a0344245ee65bdc1c9dd939cceed6bb91256837896"},
    {file = "numpy-1.26.0-cp310-cp310-win_amd64.whl", hash = "sha256:09aaee96c2cbdea95de76ecb8a586cb687d281c881f5f17bfc0fb7f5890f6b91"},
    {file = "numpy-1.26.0-cp311-cp311-macosx_10_9_x86_64.whl", hash = "sha256:637c58b468a69869258b8ae26f4a4c6ff8abffd4a8334c830ffb63e0feefe99a"},
    {file = "numpy-1.26.0-cp311-cp311-macosx_11_0_arm64.whl", hash = "sha256:306545e234503a24fe9ae95ebf84d25cba1fdc27db971aa2d9f1ab6bba19a9dd"},
    {file = "numpy-1.26.0-cp311-cp311-manylinux_2_17_aarch64.manylinux2014_aarch64.whl", hash = "sha256:8c6adc33561bd1d46f81131d5352348350fc23df4d742bb246cdfca606ea1208"},
    {file = "numpy-1.26.0-cp311-cp311-manylinux_2_17_x86_64.manylinux2014_x86_64.whl", hash = "sha256:e062aa24638bb5018b7841977c360d2f5917268d125c833a686b7cbabbec496c"},
    {file = "numpy-1.26.0-cp311-cp311-musllinux_1_1_x86_64.whl", hash = "sha256:546b7dd7e22f3c6861463bebb000646fa730e55df5ee4a0224408b5694cc6148"},
    {file = "numpy-1.26.0-cp311-cp311-win32.whl", hash = "sha256:c0b45c8b65b79337dee5134d038346d30e109e9e2e9d43464a2970e5c0e93229"},
    {file = "numpy-1.26.0-cp311-cp311-win_amd64.whl", hash = "sha256:eae430ecf5794cb7ae7fa3808740b015aa80747e5266153128ef055975a72b99"},
    {file = "numpy-1.26.0-cp312-cp312-macosx_10_9_x86_64.whl", hash = "sha256:166b36197e9debc4e384e9c652ba60c0bacc216d0fc89e78f973a9760b503388"},
    {file = "numpy-1.26.0-cp312-cp312-macosx_11_0_arm64.whl", hash = "sha256:f042f66d0b4ae6d48e70e28d487376204d3cbf43b84c03bac57e28dac6151581"},
    {file = "numpy-1.26.0-cp312-cp312-manylinux_2_17_aarch64.manylinux2014_aarch64.whl", hash = "sha256:e5e18e5b14a7560d8acf1c596688f4dfd19b4f2945b245a71e5af4ddb7422feb"},
    {file = "numpy-1.26.0-cp312-cp312-manylinux_2_17_x86_64.manylinux2014_x86_64.whl", hash = "sha256:7f6bad22a791226d0a5c7c27a80a20e11cfe09ad5ef9084d4d3fc4a299cca505"},
    {file = "numpy-1.26.0-cp312-cp312-musllinux_1_1_x86_64.whl", hash = "sha256:4acc65dd65da28060e206c8f27a573455ed724e6179941edb19f97e58161bb69"},
    {file = "numpy-1.26.0-cp312-cp312-win32.whl", hash = "sha256:bb0d9a1aaf5f1cb7967320e80690a1d7ff69f1d47ebc5a9bea013e3a21faec95"},
    {file = "numpy-1.26.0-cp312-cp312-win_amd64.whl", hash = "sha256:ee84ca3c58fe48b8ddafdeb1db87388dce2c3c3f701bf447b05e4cfcc3679112"},
    {file = "numpy-1.26.0-cp39-cp39-macosx_10_9_x86_64.whl", hash = "sha256:4a873a8180479bc829313e8d9798d5234dfacfc2e8a7ac188418189bb8eafbd2"},
    {file = "numpy-1.26.0-cp39-cp39-macosx_11_0_arm64.whl", hash = "sha256:914b28d3215e0c721dc75db3ad6d62f51f630cb0c277e6b3bcb39519bed10bd8"},
    {file = "numpy-1.26.0-cp39-cp39-manylinux_2_17_aarch64.manylinux2014_aarch64.whl", hash = "sha256:c78a22e95182fb2e7874712433eaa610478a3caf86f28c621708d35fa4fd6e7f"},
    {file = "numpy-1.26.0-cp39-cp39-manylinux_2_17_x86_64.manylinux2014_x86_64.whl", hash = "sha256:86f737708b366c36b76e953c46ba5827d8c27b7a8c9d0f471810728e5a2fe57c"},
    {file = "numpy-1.26.0-cp39-cp39-musllinux_1_1_x86_64.whl", hash = "sha256:b44e6a09afc12952a7d2a58ca0a2429ee0d49a4f89d83a0a11052da696440e49"},
    {file = "numpy-1.26.0-cp39-cp39-win32.whl", hash = "sha256:5671338034b820c8d58c81ad1dafc0ed5a00771a82fccc71d6438df00302094b"},
    {file = "numpy-1.26.0-cp39-cp39-win_amd64.whl", hash = "sha256:020cdbee66ed46b671429c7265cf00d8ac91c046901c55684954c3958525dab2"},
    {file = "numpy-1.26.0-pp39-pypy39_pp73-macosx_10_9_x86_64.whl", hash = "sha256:0792824ce2f7ea0c82ed2e4fecc29bb86bee0567a080dacaf2e0a01fe7654369"},
    {file = "numpy-1.26.0-pp39-pypy39_pp73-manylinux_2_17_x86_64.manylinux2014_x86_64.whl", hash = "sha256:7d484292eaeb3e84a51432a94f53578689ffdea3f90e10c8b203a99be5af57d8"},
    {file = "numpy-1.26.0-pp39-pypy39_pp73-win_amd64.whl", hash = "sha256:186ba67fad3c60dbe8a3abff3b67a91351100f2661c8e2a80364ae6279720299"},
    {file = "numpy-1.26.0.tar.gz", hash = "sha256:f93fc78fe8bf15afe2b8d6b6499f1c73953169fad1e9a8dd086cdff3190e7fdf"},
]

[[package]]
name = "odfpy"
version = "1.4.1"
description = "Python API and tools to manipulate OpenDocument files"
optional = false
python-versions = "*"
files = [
    {file = "odfpy-1.4.1.tar.gz", hash = "sha256:db766a6e59c5103212f3cc92ec8dd50a0f3a02790233ed0b52148b70d3c438ec"},
]

[package.dependencies]
defusedxml = "*"

[[package]]
name = "openpyxl"
version = "3.1.2"
description = "A Python library to read/write Excel 2010 xlsx/xlsm files"
optional = false
python-versions = ">=3.6"
files = [
    {file = "openpyxl-3.1.2-py2.py3-none-any.whl", hash = "sha256:f91456ead12ab3c6c2e9491cf33ba6d08357d802192379bb482f1033ade496f5"},
    {file = "openpyxl-3.1.2.tar.gz", hash = "sha256:a6f5977418eff3b2d5500d54d9db50c8277a368436f4e4f8ddb1be3422870184"},
]

[package.dependencies]
et-xmlfile = "*"

[[package]]
name = "orjson"
version = "3.9.9"
description = "Fast, correct Python JSON library supporting dataclasses, datetimes, and numpy"
optional = false
python-versions = ">=3.8"
files = [
    {file = "orjson-3.9.9-cp310-cp310-macosx_10_15_x86_64.macosx_11_0_arm64.macosx_10_15_universal2.whl", hash = "sha256:f28090060a31f4d11221f9ba48b2273b0d04b702f4dcaa197c38c64ce639cc51"},
    {file = "orjson-3.9.9-cp310-cp310-manylinux_2_17_aarch64.manylinux2014_aarch64.whl", hash = "sha256:8038ba245d0c0a6337cfb6747ea0c51fe18b0cf1a4bc943d530fd66799fae33d"},
    {file = "orjson-3.9.9-cp310-cp310-manylinux_2_17_armv7l.manylinux2014_armv7l.whl", hash = "sha256:543b36df56db195739c70d645ecd43e49b44d5ead5f8f645d2782af118249b37"},
    {file = "orjson-3.9.9-cp310-cp310-manylinux_2_17_ppc64le.manylinux2014_ppc64le.whl", hash = "sha256:8e7877256b5092f1e4e48fc0f1004728dc6901e7a4ffaa4acb0a9578610aa4ce"},
    {file = "orjson-3.9.9-cp310-cp310-manylinux_2_17_s390x.manylinux2014_s390x.whl", hash = "sha256:12b83e0d8ba4ca88b894c3e00efc59fe6d53d9ffb5dbbb79d437a466fc1a513d"},
    {file = "orjson-3.9.9-cp310-cp310-manylinux_2_17_x86_64.manylinux2014_x86_64.whl", hash = "sha256:1ef06431f021453a47a9abb7f7853f04f031d31fbdfe1cc83e3c6aadde502cce"},
    {file = "orjson-3.9.9-cp310-cp310-musllinux_1_1_aarch64.whl", hash = "sha256:0a1a4d9e64597e550428ba091e51a4bcddc7a335c8f9297effbfa67078972b5c"},
    {file = "orjson-3.9.9-cp310-cp310-musllinux_1_1_x86_64.whl", hash = "sha256:879d2d1f6085c9c0831cec6716c63aaa89e41d8e036cabb19a315498c173fcc6"},
    {file = "orjson-3.9.9-cp310-none-win32.whl", hash = "sha256:d3f56e41bc79d30fdf077073072f2377d2ebf0b946b01f2009ab58b08907bc28"},
    {file = "orjson-3.9.9-cp310-none-win_amd64.whl", hash = "sha256:ab7bae2b8bf17620ed381e4101aeeb64b3ba2a45fc74c7617c633a923cb0f169"},
    {file = "orjson-3.9.9-cp311-cp311-macosx_10_15_x86_64.macosx_11_0_arm64.macosx_10_15_universal2.whl", hash = "sha256:31d676bc236f6e919d100fb85d0a99812cff1ebffaa58106eaaec9399693e227"},
    {file = "orjson-3.9.9-cp311-cp311-manylinux_2_17_aarch64.manylinux2014_aarch64.whl", hash = "sha256:678ffb5c0a6b1518b149cc328c610615d70d9297e351e12c01d0beed5d65360f"},
    {file = "orjson-3.9.9-cp311-cp311-manylinux_2_17_armv7l.manylinux2014_armv7l.whl", hash = "sha256:a71b0cc21f2c324747bc77c35161e0438e3b5e72db6d3b515310457aba743f7f"},
    {file = "orjson-3.9.9-cp311-cp311-manylinux_2_17_ppc64le.manylinux2014_ppc64le.whl", hash = "sha256:ae72621f216d1d990468291b1ec153e1b46e0ed188a86d54e0941f3dabd09ee8"},
    {file = "orjson-3.9.9-cp311-cp311-manylinux_2_17_s390x.manylinux2014_s390x.whl", hash = "sha256:512e5a41af008e76451f5a344941d61f48dddcf7d7ddd3073deb555de64596a6"},
    {file = "orjson-3.9.9-cp311-cp311-manylinux_2_17_x86_64.manylinux2014_x86_64.whl", hash = "sha256:0f89dc338a12f4357f5bf1b098d3dea6072fb0b643fd35fec556f4941b31ae27"},
    {file = "orjson-3.9.9-cp311-cp311-musllinux_1_1_aarch64.whl", hash = "sha256:957a45fb201c61b78bcf655a16afbe8a36c2c27f18a998bd6b5d8a35e358d4ad"},
    {file = "orjson-3.9.9-cp311-cp311-musllinux_1_1_x86_64.whl", hash = "sha256:d1c01cf4b8e00c7e98a0a7cf606a30a26c32adf2560be2d7d5d6766d6f474b31"},
    {file = "orjson-3.9.9-cp311-none-win32.whl", hash = "sha256:397a185e5dd7f8ebe88a063fe13e34d61d394ebb8c70a443cee7661b9c89bda7"},
    {file = "orjson-3.9.9-cp311-none-win_amd64.whl", hash = "sha256:24301f2d99d670ded4fb5e2f87643bc7428a54ba49176e38deb2887e42fe82fb"},
    {file = "orjson-3.9.9-cp312-cp312-macosx_10_15_x86_64.macosx_11_0_arm64.macosx_10_15_universal2.whl", hash = "sha256:bd55ea5cce3addc03f8fb0705be0cfed63b048acc4f20914ce5e1375b15a293b"},
    {file = "orjson-3.9.9-cp312-cp312-manylinux_2_17_aarch64.manylinux2014_aarch64.whl", hash = "sha256:b28c1a65cd13fff5958ab8b350f0921121691464a7a1752936b06ed25c0c7b6e"},
    {file = "orjson-3.9.9-cp312-cp312-manylinux_2_17_armv7l.manylinux2014_armv7l.whl", hash = "sha256:b97a67c47840467ccf116136450c50b6ed4e16a8919c81a4b4faef71e0a2b3f4"},
    {file = "orjson-3.9.9-cp312-cp312-manylinux_2_17_ppc64le.manylinux2014_ppc64le.whl", hash = "sha256:75b805549cbbcb963e9c9068f1a05abd0ea4c34edc81f8d8ef2edb7e139e5b0f"},
    {file = "orjson-3.9.9-cp312-cp312-manylinux_2_17_s390x.manylinux2014_s390x.whl", hash = "sha256:5424ecbafe57b2de30d3b5736c5d5835064d522185516a372eea069b92786ba6"},
    {file = "orjson-3.9.9-cp312-cp312-manylinux_2_17_x86_64.manylinux2014_x86_64.whl", hash = "sha256:0d2cd6ef4726ef1b8c63e30d8287225a383dbd1de3424d287b37c1906d8d2855"},
    {file = "orjson-3.9.9-cp312-cp312-musllinux_1_1_aarch64.whl", hash = "sha256:c959550e0705dc9f59de8fca1a316da0d9b115991806b217c82931ac81d75f74"},
    {file = "orjson-3.9.9-cp312-cp312-musllinux_1_1_x86_64.whl", hash = "sha256:ece2d8ed4c34903e7f1b64fb1e448a00e919a4cdb104fc713ad34b055b665fca"},
    {file = "orjson-3.9.9-cp312-none-win_amd64.whl", hash = "sha256:f708ca623287186e5876256cb30599308bce9b2757f90d917b7186de54ce6547"},
    {file = "orjson-3.9.9-cp38-cp38-macosx_10_15_x86_64.macosx_11_0_arm64.macosx_10_15_universal2.whl", hash = "sha256:335406231f9247f985df045f0c0c8f6b6d5d6b3ff17b41a57c1e8ef1a31b4d04"},
    {file = "orjson-3.9.9-cp38-cp38-manylinux_2_17_aarch64.manylinux2014_aarch64.whl", hash = "sha256:9d9b5440a5d215d9e1cfd4aee35fd4101a8b8ceb8329f549c16e3894ed9f18b5"},
    {file = "orjson-3.9.9-cp38-cp38-manylinux_2_17_armv7l.manylinux2014_armv7l.whl", hash = "sha256:e98ca450cb4fb176dd572ce28c6623de6923752c70556be4ef79764505320acb"},
    {file = "orjson-3.9.9-cp38-cp38-manylinux_2_17_ppc64le.manylinux2014_ppc64le.whl", hash = "sha256:a3bf6ca6bce22eb89dd0650ef49c77341440def966abcb7a2d01de8453df083a"},
    {file = "orjson-3.9.9-cp38-cp38-manylinux_2_17_s390x.manylinux2014_s390x.whl", hash = "sha256:eb50d869b3c97c7c5187eda3759e8eb15deb1271d694bc5d6ba7040db9e29036"},
    {file = "orjson-3.9.9-cp38-cp38-manylinux_2_17_x86_64.manylinux2014_x86_64.whl", hash = "sha256:6fcf06c69ccc78e32d9f28aa382ab2ab08bf54b696dbe00ee566808fdf05da7d"},
    {file = "orjson-3.9.9-cp38-cp38-musllinux_1_1_aarch64.whl", hash = "sha256:9a4402e7df1b5c9a4c71c7892e1c8f43f642371d13c73242bda5964be6231f95"},
    {file = "orjson-3.9.9-cp38-cp38-musllinux_1_1_x86_64.whl", hash = "sha256:b20becf50d4aec7114dc902b58d85c6431b3a59b04caa977e6ce67b6fee0e159"},
    {file = "orjson-3.9.9-cp38-none-win32.whl", hash = "sha256:1f352117eccac268a59fedac884b0518347f5e2b55b9f650c2463dd1e732eb61"},
    {file = "orjson-3.9.9-cp38-none-win_amd64.whl", hash = "sha256:c4eb31a8e8a5e1d9af5aa9e247c2a52ad5cf7e968aaa9aaefdff98cfcc7f2e37"},
    {file = "orjson-3.9.9-cp39-cp39-macosx_10_15_x86_64.macosx_11_0_arm64.macosx_10_15_universal2.whl", hash = "sha256:4a308aeac326c2bafbca9abbae1e1fcf682b06e78a54dad0347b760525838d85"},
    {file = "orjson-3.9.9-cp39-cp39-manylinux_2_17_aarch64.manylinux2014_aarch64.whl", hash = "sha256:e159b97f5676dcdac0d0f75ec856ef5851707f61d262851eb41a30e8fadad7c9"},
    {file = "orjson-3.9.9-cp39-cp39-manylinux_2_17_armv7l.manylinux2014_armv7l.whl", hash = "sha256:f692e7aabad92fa0fff5b13a846fb586b02109475652207ec96733a085019d80"},
    {file = "orjson-3.9.9-cp39-cp39-manylinux_2_17_ppc64le.manylinux2014_ppc64le.whl", hash = "sha256:cffb77cf0cd3cbf20eb603f932e0dde51b45134bdd2d439c9f57924581bb395b"},
    {file = "orjson-3.9.9-cp39-cp39-manylinux_2_17_s390x.manylinux2014_s390x.whl", hash = "sha256:c63eca397127ebf46b59c9c1fb77b30dd7a8fc808ac385e7a58a7e64bae6e106"},
    {file = "orjson-3.9.9-cp39-cp39-manylinux_2_17_x86_64.manylinux2014_x86_64.whl", hash = "sha256:06f0c024a75e8ba5d9101facb4fb5a028cdabe3cdfe081534f2a9de0d5062af2"},
    {file = "orjson-3.9.9-cp39-cp39-musllinux_1_1_aarch64.whl", hash = "sha256:8cba20c9815c2a003b8ca4429b0ad4aa87cb6649af41365821249f0fd397148e"},
    {file = "orjson-3.9.9-cp39-cp39-musllinux_1_1_x86_64.whl", hash = "sha256:906cac73b7818c20cf0f6a7dde5a6f009c52aecc318416c7af5ea37f15ca7e66"},
    {file = "orjson-3.9.9-cp39-none-win32.whl", hash = "sha256:50232572dd300c49f134838c8e7e0917f29a91f97dbd608d23f2895248464b7f"},
    {file = "orjson-3.9.9-cp39-none-win_amd64.whl", hash = "sha256:920814e02e3dd7af12f0262bbc18b9fe353f75a0d0c237f6a67d270da1a1bb44"},
    {file = "orjson-3.9.9.tar.gz", hash = "sha256:02e693843c2959befdd82d1ebae8b05ed12d1cb821605d5f9fe9f98ca5c9fd2b"},
]

[[package]]
name = "pandas"
version = "2.1.1"
description = "Powerful data structures for data analysis, time series, and statistics"
optional = false
python-versions = ">=3.9"
files = [
    {file = "pandas-2.1.1-cp310-cp310-macosx_10_9_x86_64.whl", hash = "sha256:58d997dbee0d4b64f3cb881a24f918b5f25dd64ddf31f467bb9b67ae4c63a1e4"},
    {file = "pandas-2.1.1-cp310-cp310-macosx_11_0_arm64.whl", hash = "sha256:02304e11582c5d090e5a52aec726f31fe3f42895d6bfc1f28738f9b64b6f0614"},
    {file = "pandas-2.1.1-cp310-cp310-manylinux_2_17_aarch64.manylinux2014_aarch64.whl", hash = "sha256:ffa8f0966de2c22de408d0e322db2faed6f6e74265aa0856f3824813cf124363"},
    {file = "pandas-2.1.1-cp310-cp310-manylinux_2_17_x86_64.manylinux2014_x86_64.whl", hash = "sha256:c1f84c144dee086fe4f04a472b5cd51e680f061adf75c1ae4fc3a9275560f8f4"},
    {file = "pandas-2.1.1-cp310-cp310-musllinux_1_1_x86_64.whl", hash = "sha256:75ce97667d06d69396d72be074f0556698c7f662029322027c226fd7a26965cb"},
    {file = "pandas-2.1.1-cp310-cp310-win_amd64.whl", hash = "sha256:4c3f32fd7c4dccd035f71734df39231ac1a6ff95e8bdab8d891167197b7018d2"},
    {file = "pandas-2.1.1-cp311-cp311-macosx_10_9_x86_64.whl", hash = "sha256:9e2959720b70e106bb1d8b6eadd8ecd7c8e99ccdbe03ee03260877184bb2877d"},
    {file = "pandas-2.1.1-cp311-cp311-macosx_11_0_arm64.whl", hash = "sha256:25e8474a8eb258e391e30c288eecec565bfed3e026f312b0cbd709a63906b6f8"},
    {file = "pandas-2.1.1-cp311-cp311-manylinux_2_17_aarch64.manylinux2014_aarch64.whl", hash = "sha256:b8bd1685556f3374520466998929bade3076aeae77c3e67ada5ed2b90b4de7f0"},
    {file = "pandas-2.1.1-cp311-cp311-manylinux_2_17_x86_64.manylinux2014_x86_64.whl", hash = "sha256:dc3657869c7902810f32bd072f0740487f9e030c1a3ab03e0af093db35a9d14e"},
    {file = "pandas-2.1.1-cp311-cp311-musllinux_1_1_x86_64.whl", hash = "sha256:05674536bd477af36aa2effd4ec8f71b92234ce0cc174de34fd21e2ee99adbc2"},
    {file = "pandas-2.1.1-cp311-cp311-win_amd64.whl", hash = "sha256:b407381258a667df49d58a1b637be33e514b07f9285feb27769cedb3ab3d0b3a"},
    {file = "pandas-2.1.1-cp312-cp312-macosx_10_9_x86_64.whl", hash = "sha256:c747793c4e9dcece7bb20156179529898abf505fe32cb40c4052107a3c620b49"},
    {file = "pandas-2.1.1-cp312-cp312-macosx_11_0_arm64.whl", hash = "sha256:3bcad1e6fb34b727b016775bea407311f7721db87e5b409e6542f4546a4951ea"},
    {file = "pandas-2.1.1-cp312-cp312-manylinux_2_17_aarch64.manylinux2014_aarch64.whl", hash = "sha256:f5ec7740f9ccb90aec64edd71434711f58ee0ea7f5ed4ac48be11cfa9abf7317"},
    {file = "pandas-2.1.1-cp312-cp312-manylinux_2_17_x86_64.manylinux2014_x86_64.whl", hash = "sha256:29deb61de5a8a93bdd033df328441a79fcf8dd3c12d5ed0b41a395eef9cd76f0"},
    {file = "pandas-2.1.1-cp312-cp312-musllinux_1_1_x86_64.whl", hash = "sha256:4f99bebf19b7e03cf80a4e770a3e65eee9dd4e2679039f542d7c1ace7b7b1daa"},
    {file = "pandas-2.1.1-cp312-cp312-win_amd64.whl", hash = "sha256:84e7e910096416adec68075dc87b986ff202920fb8704e6d9c8c9897fe7332d6"},
    {file = "pandas-2.1.1-cp39-cp39-macosx_10_9_x86_64.whl", hash = "sha256:366da7b0e540d1b908886d4feb3d951f2f1e572e655c1160f5fde28ad4abb750"},
    {file = "pandas-2.1.1-cp39-cp39-macosx_11_0_arm64.whl", hash = "sha256:9e50e72b667415a816ac27dfcfe686dc5a0b02202e06196b943d54c4f9c7693e"},
    {file = "pandas-2.1.1-cp39-cp39-manylinux_2_17_aarch64.manylinux2014_aarch64.whl", hash = "sha256:cc1ab6a25da197f03ebe6d8fa17273126120874386b4ac11c1d687df288542dd"},
    {file = "pandas-2.1.1-cp39-cp39-manylinux_2_17_x86_64.manylinux2014_x86_64.whl", hash = "sha256:a0dbfea0dd3901ad4ce2306575c54348d98499c95be01b8d885a2737fe4d7a98"},
    {file = "pandas-2.1.1-cp39-cp39-musllinux_1_1_x86_64.whl", hash = "sha256:0489b0e6aa3d907e909aef92975edae89b1ee1654db5eafb9be633b0124abe97"},
    {file = "pandas-2.1.1-cp39-cp39-win_amd64.whl", hash = "sha256:4cdb0fab0400c2cb46dafcf1a0fe084c8bb2480a1fa8d81e19d15e12e6d4ded2"},
    {file = "pandas-2.1.1.tar.gz", hash = "sha256:fecb198dc389429be557cde50a2d46da8434a17fe37d7d41ff102e3987fd947b"},
]

[package.dependencies]
numpy = {version = ">=1.23.2", markers = "python_version == \"3.11\""}
python-dateutil = ">=2.8.2"
pytz = ">=2020.1"
tzdata = ">=2022.1"

[package.extras]
all = ["PyQt5 (>=5.15.6)", "SQLAlchemy (>=1.4.36)", "beautifulsoup4 (>=4.11.1)", "bottleneck (>=1.3.4)", "dataframe-api-compat (>=0.1.7)", "fastparquet (>=0.8.1)", "fsspec (>=2022.05.0)", "gcsfs (>=2022.05.0)", "html5lib (>=1.1)", "hypothesis (>=6.46.1)", "jinja2 (>=3.1.2)", "lxml (>=4.8.0)", "matplotlib (>=3.6.1)", "numba (>=0.55.2)", "numexpr (>=2.8.0)", "odfpy (>=1.4.1)", "openpyxl (>=3.0.10)", "pandas-gbq (>=0.17.5)", "psycopg2 (>=2.9.3)", "pyarrow (>=7.0.0)", "pymysql (>=1.0.2)", "pyreadstat (>=1.1.5)", "pytest (>=7.3.2)", "pytest-asyncio (>=0.17.0)", "pytest-xdist (>=2.2.0)", "pyxlsb (>=1.0.9)", "qtpy (>=2.2.0)", "s3fs (>=2022.05.0)", "scipy (>=1.8.1)", "tables (>=3.7.0)", "tabulate (>=0.8.10)", "xarray (>=2022.03.0)", "xlrd (>=2.0.1)", "xlsxwriter (>=3.0.3)", "zstandard (>=0.17.0)"]
aws = ["s3fs (>=2022.05.0)"]
clipboard = ["PyQt5 (>=5.15.6)", "qtpy (>=2.2.0)"]
compression = ["zstandard (>=0.17.0)"]
computation = ["scipy (>=1.8.1)", "xarray (>=2022.03.0)"]
consortium-standard = ["dataframe-api-compat (>=0.1.7)"]
excel = ["odfpy (>=1.4.1)", "openpyxl (>=3.0.10)", "pyxlsb (>=1.0.9)", "xlrd (>=2.0.1)", "xlsxwriter (>=3.0.3)"]
feather = ["pyarrow (>=7.0.0)"]
fss = ["fsspec (>=2022.05.0)"]
gcp = ["gcsfs (>=2022.05.0)", "pandas-gbq (>=0.17.5)"]
hdf5 = ["tables (>=3.7.0)"]
html = ["beautifulsoup4 (>=4.11.1)", "html5lib (>=1.1)", "lxml (>=4.8.0)"]
mysql = ["SQLAlchemy (>=1.4.36)", "pymysql (>=1.0.2)"]
output-formatting = ["jinja2 (>=3.1.2)", "tabulate (>=0.8.10)"]
parquet = ["pyarrow (>=7.0.0)"]
performance = ["bottleneck (>=1.3.4)", "numba (>=0.55.2)", "numexpr (>=2.8.0)"]
plot = ["matplotlib (>=3.6.1)"]
postgresql = ["SQLAlchemy (>=1.4.36)", "psycopg2 (>=2.9.3)"]
spss = ["pyreadstat (>=1.1.5)"]
sql-other = ["SQLAlchemy (>=1.4.36)"]
test = ["hypothesis (>=6.46.1)", "pytest (>=7.3.2)", "pytest-asyncio (>=0.17.0)", "pytest-xdist (>=2.2.0)"]
xml = ["lxml (>=4.8.0)"]

[[package]]
name = "python-dateutil"
version = "2.8.2"
description = "Extensions to the standard Python datetime module"
optional = false
python-versions = "!=3.0.*,!=3.1.*,!=3.2.*,>=2.7"
files = [
    {file = "python-dateutil-2.8.2.tar.gz", hash = "sha256:0123cacc1627ae19ddf3c27a5de5bd67ee4586fbdd6440d9748f8abb483d3e86"},
    {file = "python_dateutil-2.8.2-py2.py3-none-any.whl", hash = "sha256:961d03dc3453ebbc59dbdea9e4e11c5651520a876d0f4db161e8674aae935da9"},
]

[package.dependencies]
six = ">=1.5"

[[package]]
name = "pytz"
version = "2023.3.post1"
description = "World timezone definitions, modern and historical"
optional = false
python-versions = "*"
files = [
    {file = "pytz-2023.3.post1-py2.py3-none-any.whl", hash = "sha256:ce42d816b81b68506614c11e8937d3aa9e41007ceb50bfdcb0749b921bf646c7"},
    {file = "pytz-2023.3.post1.tar.gz", hash = "sha256:7b4fddbeb94a1eba4b557da24f19fdf9db575192544270a9101d8509f9f43d7b"},
]

[[package]]
name = "six"
version = "1.16.0"
description = "Python 2 and 3 compatibility utilities"
optional = false
python-versions = ">=2.7, !=3.0.*, !=3.1.*, !=3.2.*"
files = [
    {file = "six-1.16.0-py2.py3-none-any.whl", hash = "sha256:8abb2f1d86890a2dfb989f9a77cfcfd3e47c2a354b01111771326f8aa26e0254"},
    {file = "six-1.16.0.tar.gz", hash = "sha256:1e61c37477a1626458e36f7b1d82aa5c9b094fa4802892072e49de9c60c4c926"},
]

[[package]]
name = "tzdata"
version = "2023.3"
description = "Provider of IANA time zone data"
optional = false
python-versions = ">=2"
files = [
    {file = "tzdata-2023.3-py2.py3-none-any.whl", hash = "sha256:7e65763eef3120314099b6939b5546db7adce1e7d6f2e179e3df563c70511eda"},
    {file = "tzdata-2023.3.tar.gz", hash = "sha256:11ef1e08e54acb0d4f95bdb1be05da659673de4acbd21bf9c69e94cc5e907a3a"},
]

[metadata]
lock-version = "2.0"
python-versions = "^3.11,<3.12"
content-hash = "644a401faeb77bf0a4bc2d26ec4d1795b9f7947e7822cd72e68faa07b13ea6d1"
